
Microsoft Visual Studio Solution File, Format Version 12.00
# Visual Studio Version 16
VisualStudioVersion = 16.0.31205.134
MinimumVisualStudioVersion = 10.0.40219.1
Project("{FAE04EC0-301F-11D3-BF4B-00C04F79EFBC}") = "DateTimeLecture", "DateTimeLecture.csproj", "{318E517E-20F4-41B1-9118-784A3840C0A2}"
EndProject
Global
	GlobalSection(SolutionConfigurationPlatforms) = preSolution
		Debug|Any CPU = Debug|Any CPU
		Release|Any CPU = Release|Any CPU
	EndGlobalSection
	GlobalSection(ProjectConfigurationPlatforms) = postSolution
		{318E517E-20F4-41B1-9118-784A3840C0A2}.Debug|Any CPU.ActiveCfg = Debug|Any CPU
		{318E517E-20F4-41B1-9118-784A3840C0A2}.Debug|Any CPU.Build.0 = Debug|Any CPU
		{318E517E-20F4-41B1-9118-784A3840C0A2}.Release|Any CPU.ActiveCfg = Release|Any CPU
		{318E517E-20F4-41B1-9118-784A3840C0A2}.Release|Any CPU.Build.0 = Release|Any CPU
	EndGlobalSection
	GlobalSection(SolutionProperties) = preSolution
		HideSolutionNode = FALSE
	EndGlobalSection
	GlobalSection(ExtensibilityGlobals) = postSolution
		SolutionGuid = {1C16CA41-F58B-423D-943B-BBA9AFC9663F}
	EndGlobalSection
EndGlobal
